PODS:
  - JTAppleCalendar (7.1.7)

DEPENDENCIES:
  - JTAppleCalendar (~> 7.0)

SPEC REPOS:
  https://github.com/cocoapods/specs.git:
    - JTAppleCalendar

SPEC CHECKSUMS:
  JTAppleCalendar: 96da4d8388fa6dc82d6a60d41ef36a015e167e2f

PODFILE CHECKSUM: ba9fe529fd8194132acaf6a5e0d5904ac04bcfcd

COCOAPODS: 1.6.1
